<?xml version="1.0" encoding="utf-8"?>
<Project ToolsVersion="4.0" xmlns="http://schemas.microsoft.com/developer/msbuild/2003">
  <ItemGroup>
    <Filter Include="Source Files">
      <UniqueIdentifier>{4FC737F1-C7A5-4376-A066-2A32D752A2FF}</UniqueIdentifier>
      <Extensions>cpp;c;cc;cxx;c++;cppm;ixx;def;odl;idl;hpj;bat;asm;asmx</Extensions>
    </Filter>
    <Filter Include="Header Files">
      <UniqueIdentifier>{93995380-89BD-4b04-88EB-625FBE52EBFB}</UniqueIdentifier>
      <Extensions>h;hh;hpp;hxx;h++;hm;inl;inc;ipp;xsd</Extensions>
    </Filter>
    <Filter Include="Resource Files">
      <UniqueIdentifier>{67DA6AB6-F800-4c08-8B7A-83BB121AAD01}</UniqueIdentifier>
      <Extensions>rc;ico;cur;bmp;dlg;rc2;rct;bin;rgs;gif;jpg;jpeg;jpe;resx;tiff;tif;png;wav;mfcribbon-ms</Extensions>
    </Filter>
  </ItemGroup>
  <ItemGroup>
    <ClCompile Include="..\01_polymorphism_concept.cpp">
      <Filter>Source Files</Filter>
    </ClCompile>
    <ClCompile Include="..\02_static_vs_dynamic_binding.cpp">
      <Filter>Source Files</Filter>
    </ClCompile>
    <ClCompile Include="..\03_virtual_functions.cpp">
      <Filter>Source Files</Filter>
    </ClCompile>
    <ClCompile Include="..\04_function_overriding.cpp">
      <Filter>Source Files</Filter>
    </ClCompile>
    <ClCompile Include="..\05_vtable_vptr.cpp">
      <Filter>Source Files</Filter>
    </ClCompile>
    <ClCompile Include="..\07_abstract_classes.cpp">
      <Filter>Source Files</Filter>
    </ClCompile>
    <ClCompile Include="..\08_virtual_inheritance.cpp">
      <Filter>Source Files</Filter>
    </ClCompile>
    <ClCompile Include="..\09_final_keyword.cpp">
      <Filter>Source Files</Filter>
    </ClCompile>
    <ClCompile Include="..\10_stack_interface.cpp">
      <Filter>Source Files</Filter>
    </ClCompile>
    <ClCompile Include="..\11_smart_pointers.cpp">
      <Filter>Source Files</Filter>
    </ClCompile>
    <ClCompile Include="..\12_virtual_destructors.cpp">
      <Filter>Source Files</Filter>
    </ClCompile>
    <ClCompile Include="..\13_dynamic_cast.cpp">
      <Filter>Source Files</Filter>
    </ClCompile>
    <ClCompile Include="..\main.cpp">
      <Filter>Source Files</Filter>
    </ClCompile>
    <ClCompile Include="..\06_object_slicing.cpp">
      <Filter>Source Files</Filter>
    </ClCompile>
    <ClCompile Include="..\14_interface_segregation.cpp">
      <Filter>Source Files</Filter>
    </ClCompile>
  </ItemGroup>
  <ItemGroup>
    <ClInclude Include="..\06_object_slicing.h">
      <Filter>Header Files</Filter>
    </ClInclude>
    <ClInclude Include="..\05_vtable_vptr.h">
      <Filter>Header Files</Filter>
    </ClInclude>
    <ClInclude Include="..\04_function_overriding.h">
      <Filter>Header Files</Filter>
    </ClInclude>
    <ClInclude Include="..\03_virtual_functions.h">
      <Filter>Header Files</Filter>
    </ClInclude>
    <ClInclude Include="..\02_static_vs_dynamic_binding.h">
      <Filter>Header Files</Filter>
    </ClInclude>
    <ClInclude Include="..\01_polymorphism_concept.h">
      <Filter>Header Files</Filter>
    </ClInclude>
    <ClInclude Include="..\13_dynamic_cast.h">
      <Filter>Header Files</Filter>
    </ClInclude>
    <ClInclude Include="..\12_virtual_destructors.h">
      <Filter>Header Files</Filter>
    </ClInclude>
    <ClInclude Include="..\11_smart_pointers.h">
      <Filter>Header Files</Filter>
    </ClInclude>
    <ClInclude Include="..\10_stack_interface.h">
      <Filter>Header Files</Filter>
    </ClInclude>
    <ClInclude Include="..\09_final_keyword.h">
      <Filter>Header Files</Filter>
    </ClInclude>
    <ClInclude Include="..\08_virtual_inheritance.h">
      <Filter>Header Files</Filter>
    </ClInclude>
    <ClInclude Include="..\07_abstract_classes.h">
      <Filter>Header Files</Filter>
    </ClInclude>
    <ClInclude Include="..\14_interface_segregation.h">
      <Filter>Header Files</Filter>
    </ClInclude>
  </ItemGroup>
</Project>